
Microsoft Visual Studio Solution File, Format Version 12.00
# Visual Studio Version 16
VisualStudioVersion = 16.0.30907.101
MinimumVisualStudioVersion = 10.0.40219.1
Project("{FAE04EC0-301F-11D3-BF4B-00C04F79EFBC}") = "Platformer", "Platformer.csproj", "{2A469567-00B1-4294-863C-FBD2C9CE89FC}"
EndProject
Global
	GlobalSection(SolutionConfigurationPlatforms) = preSolution
		Debug|Any CPU = Debug|Any CPU
		Release|Any CPU = Release|Any CPU
	EndGlobalSection
	GlobalSection(ProjectConfigurationPlatforms) = postSolution
		{2A469567-00B1-4294-863C-FBD2C9CE89FC}.Debug|Any CPU.ActiveCfg = Debug|Any CPU
		{2A469567-00B1-4294-863C-FBD2C9CE89FC}.Debug|Any CPU.Build.0 = Debug|Any CPU
		{2A469567-00B1-4294-863C-FBD2C9CE89FC}.Release|Any CPU.ActiveCfg = Release|Any CPU
		{2A469567-00B1-4294-863C-FBD2C9CE89FC}.Release|Any CPU.Build.0 = Release|Any CPU
	EndGlobalSection
	GlobalSection(SolutionProperties) = preSolution
		HideSolutionNode = FALSE
	EndGlobalSection
	GlobalSection(ExtensibilityGlobals) = postSolution
		SolutionGuid = {7C078098-B9F4-498D-9601-948B665FFA0F}
	EndGlobalSection
EndGlobal
